
Microsoft Visual Studio Solution File, Format Version 12.00
# Visual Studio Version 16
VisualStudioVersion = 16.0.31911.196
MinimumVisualStudioVersion = 10.0.40219.1
Project("{FAE04EC0-301F-11D3-BF4B-00C04F79EFBC}") = "ServiceReservasi", "ServiceReservasi\ServiceReservasi.csproj", "{EFD4C3A6-79CC-4CAC-BEF7-6F26A2CD9047}"
EndProject
Global
	GlobalSection(SolutionConfigurationPlatforms) = preSolution
		Debug|Any CPU = Debug|Any CPU
		Release|Any CPU = Release|Any CPU
	EndGlobalSection
	GlobalSection(ProjectConfigurationPlatforms) = postSolution
		{EFD4C3A6-79CC-4CAC-BEF7-6F26A2CD9047}.Debug|Any CPU.ActiveCfg = Debug|Any CPU
		{EFD4C3A6-79CC-4CAC-BEF7-6F26A2CD9047}.Debug|Any CPU.Build.0 = Debug|Any CPU
		{EFD4C3A6-79CC-4CAC-BEF7-6F26A2CD9047}.Release|Any CPU.ActiveCfg = Release|Any CPU
		{EFD4C3A6-79CC-4CAC-BEF7-6F26A2CD9047}.Release|Any CPU.Build.0 = Release|Any CPU
	EndGlobalSection
	GlobalSection(SolutionProperties) = preSolution
		HideSolutionNode = FALSE
	EndGlobalSection
	GlobalSection(ExtensibilityGlobals) = postSolution
		SolutionGuid = {7F16456B-33E5-41EC-B2DD-7192267707FD}
	EndGlobalSection
EndGlobal
